
Microsoft Visual Studio Solution File, Format Version 12.00
# Visual Studio Version 16
VisualStudioVersion = 16.0.810.11
MinimumVisualStudioVersion = 10.0.40219.1
Project("{FAE04EC0-301F-11D3-BF4B-00C04F79EFBC}") = "Week6Project1.Android", "Week6Project1.Android\Week6Project1.Android.csproj", "{97D62686-B189-4F94-AD18-EF46AD545DF3}"
EndProject
Project("{FAE04EC0-301F-11D3-BF4B-00C04F79EFBC}") = "Week6Project1.iOS", "Week6Project1.iOS\Week6Project1.iOS.csproj", "{12E4FF32-5219-4ABB-BC25-BE14579A1A2F}"
EndProject
Project("{FAE04EC0-301F-11D3-BF4B-00C04F79EFBC}") = "Week6Project1", "Week6Project1\Week6Project1.csproj", "{F5AD4C1C-157F-4551-AC51-5BB27F5046EE}"
EndProject
Global
	GlobalSection(SolutionConfigurationPlatforms) = preSolution
		Debug|Any CPU = Debug|Any CPU
		Release|Any CPU = Release|Any CPU
		Debug|iPhoneSimulator = Debug|iPhoneSimulator
		Release|iPhoneSimulator = Release|iPhoneSimulator
		Debug|iPhone = Debug|iPhone
		Release|iPhone = Release|iPhone
	EndGlobalSection
	GlobalSection(ProjectConfigurationPlatforms) = postSolution
		{97D62686-B189-4F94-AD18-EF46AD545DF3}.Debug|Any CPU.ActiveCfg = Debug|Any CPU
		{97D62686-B189-4F94-AD18-EF46AD545DF3}.Debug|Any CPU.Build.0 = Debug|Any CPU
		{97D62686-B189-4F94-AD18-EF46AD545DF3}.Release|Any CPU.ActiveCfg = Release|Any CPU
		{97D62686-B189-4F94-AD18-EF46AD545DF3}.Release|Any CPU.Build.0 = Release|Any CPU
		{97D62686-B189-4F94-AD18-EF46AD545DF3}.Debug|iPhoneSimulator.ActiveCfg = Debug|Any CPU
		{97D62686-B189-4F94-AD18-EF46AD545DF3}.Debug|iPhoneSimulator.Build.0 = Debug|Any CPU
		{97D62686-B189-4F94-AD18-EF46AD545DF3}.Release|iPhoneSimulator.ActiveCfg = Release|Any CPU
		{97D62686-B189-4F94-AD18-EF46AD545DF3}.Release|iPhoneSimulator.Build.0 = Release|Any CPU
		{97D62686-B189-4F94-AD18-EF46AD545DF3}.Debug|iPhone.ActiveCfg = Debug|Any CPU
		{97D62686-B189-4F94-AD18-EF46AD545DF3}.Debug|iPhone.Build.0 = Debug|Any CPU
		{97D62686-B189-4F94-AD18-EF46AD545DF3}.Release|iPhone.ActiveCfg = Release|Any CPU
		{97D62686-B189-4F94-AD18-EF46AD545DF3}.Release|iPhone.Build.0 = Release|Any CPU
		{12E4FF32-5219-4ABB-BC25-BE14579A1A2F}.Debug|Any CPU.ActiveCfg = Debug|iPhoneSimulator
		{12E4FF32-5219-4ABB-BC25-BE14579A1A2F}.Debug|Any CPU.Build.0 = Debug|iPhoneSimulator
		{12E4FF32-5219-4ABB-BC25-BE14579A1A2F}.Release|Any CPU.ActiveCfg = Release|iPhoneSimulator
		{12E4FF32-5219-4ABB-BC25-BE14579A1A2F}.Release|Any CPU.Build.0 = Release|iPhoneSimulator
		{12E4FF32-5219-4ABB-BC25-BE14579A1A2F}.Debug|iPhoneSimulator.ActiveCfg = Debug|iPhoneSimulator
		{12E4FF32-5219-4ABB-BC25-BE14579A1A2F}.Debug|iPhoneSimulator.Build.0 = Debug|iPhoneSimulator
		{12E4FF32-5219-4ABB-BC25-BE14579A1A2F}.Release|iPhoneSimulator.ActiveCfg = Release|iPhoneSimulator
		{12E4FF32-5219-4ABB-BC25-BE14579A1A2F}.Release|iPhoneSimulator.Build.0 = Release|iPhoneSimulator
		{12E4FF32-5219-4ABB-BC25-BE14579A1A2F}.Debug|iPhone.ActiveCfg = Debug|iPhone
		{12E4FF32-5219-4ABB-BC25-BE14579A1A2F}.Debug|iPhone.Build.0 = Debug|iPhone
		{12E4FF32-5219-4ABB-BC25-BE14579A1A2F}.Release|iPhone.ActiveCfg = Release|iPhone
		{12E4FF32-5219-4ABB-BC25-BE14579A1A2F}.Release|iPhone.Build.0 = Release|iPhone
		{F5AD4C1C-157F-4551-AC51-5BB27F5046EE}.Debug|Any CPU.ActiveCfg = Debug|Any CPU
		{F5AD4C1C-157F-4551-AC51-5BB27F5046EE}.Debug|Any CPU.Build.0 = Debug|Any CPU
		{F5AD4C1C-157F-4551-AC51-5BB27F5046EE}.Release|Any CPU.ActiveCfg = Release|Any CPU
		{F5AD4C1C-157F-4551-AC51-5BB27F5046EE}.Release|Any CPU.Build.0 = Release|Any CPU
		{F5AD4C1C-157F-4551-AC51-5BB27F5046EE}.Debug|iPhoneSimulator.ActiveCfg = Debug|Any CPU
		{F5AD4C1C-157F-4551-AC51-5BB27F5046EE}.Debug|iPhoneSimulator.Build.0 = Debug|Any CPU
		{F5AD4C1C-157F-4551-AC51-5BB27F5046EE}.Release|iPhoneSimulator.ActiveCfg = Release|Any CPU
		{F5AD4C1C-157F-4551-AC51-5BB27F5046EE}.Release|iPhoneSimulator.Build.0 = Release|Any CPU
		{F5AD4C1C-157F-4551-AC51-5BB27F5046EE}.Debug|iPhone.ActiveCfg = Debug|Any CPU
		{F5AD4C1C-157F-4551-AC51-5BB27F5046EE}.Debug|iPhone.Build.0 = Debug|Any CPU
		{F5AD4C1C-157F-4551-AC51-5BB27F5046EE}.Release|iPhone.ActiveCfg = Release|Any CPU
		{F5AD4C1C-157F-4551-AC51-5BB27F5046EE}.Release|iPhone.Build.0 = Release|Any CPU
	EndGlobalSection
	GlobalSection(SolutionProperties) = preSolution
		HideSolutionNode = FALSE
	EndGlobalSection
	GlobalSection(ExtensibilityGlobals) = postSolution
		SolutionGuid = {222234DE-F654-4652-9CB1-41BD79BD2D59}
	EndGlobalSection
EndGlobal
